// !$*UTF8*$!
{
	archiveVersion = 1;
	classes = {
	};
	objectVersion = 77;
	objects = {

/* Begin PBXContainerItemProxy section */
		F9E4992A2D9C93A400DDF22B /* PBXContainerItemProxy */ = {
			isa = PBXContainerItemProxy;
			containerPortal = F9E499112D9C93A200DDF22B /* Project object */;
			proxyType = 1;
			remoteGlobalIDString = F9E499182D9C93A200DDF22B;
			remoteInfo = ThreadsClone;
		};
		F9E499342D9C93A400DDF22B /* PBXContainerItemProxy */ = {
			isa = PBXContainerItemProxy;
			containerPortal = F9E499112D9C93A200DDF22B /* Project object */;
			proxyType = 1;
			remoteGlobalIDString = F9E499182D9C93A200DDF22B;
			remoteInfo = ThreadsClone;
		};
/* End PBXContainerItemProxy section */

/* Begin PBXFileReference section */
		F9E499192D9C93A200DDF22B /* ThreadsClone.app */ = {isa = PBXFileReference; explicitFileType = wrapper.application; includeInIndex = 0; path = ThreadsClone.app; sourceTree = BUILT_PRODUCTS_DIR; };
		F9E499292D9C93A400DDF22B /* ThreadsCloneTests.xctest */ = {isa = PBXFileReference; explicitFileType = wrapper.cfbundle; includeInIndex = 0; path = ThreadsCloneTests.xctest; sourceTree = BUILT_PRODUCTS_DIR; };
		F9E499332D9C93A400DDF22B /* ThreadsCloneUITests.xctest */ = {isa = PBXFileReference; explicitFileType = wrapper.cfbundle; includeInIndex = 0; path = ThreadsCloneUITests.xctest; sourceTree = BUILT_PRODUCTS_DIR; };
/* End PBXFileReference section */

/* Begin PBXFileSystemSynchronizedRootGroup section */
		F9E4991B2D9C93A200DDF22B /* ThreadsClone */ = {
			isa = PBXFileSystemSynchronizedRootGroup;
			path = ThreadsClone;
			sourceTree = "<group>";
		};
		F9E4992C2D9C93A400DDF22B /* ThreadsCloneTests */ = {
			isa = PBXFileSystemSynchronizedRootGroup;
			path = ThreadsCloneTests;
			sourceTree = "<group>";
		};
		F9E499362D9C93A400DDF22B /* ThreadsCloneUITests */ = {
			isa = PBXFileSystemSynchronizedRootGroup;
			path = ThreadsCloneUITests;
			sourceTree = "<group>";
		};
/* End PBXFileSystemSynchronizedRootGroup section */

/* Begin PBXFrameworksBuildPhase section */
		F9E499162D9C93A200DDF22B /* Frameworks */ = {
			isa = PBXFrameworksBuildPhase;
			buildActionMask = 2147483647;
			files = (
			);
			runOnlyForDeploymentPostprocessing = 0;
		};
		F9E499262D9C93A400DDF22B /* Frameworks */ = {
			isa = PBXFrameworksBuildPhase;
			buildActionMask = 2147483647;
			files = (
			);
			runOnlyForDeploymentPostprocessing = 0;
		};
		F9E499302D9C93A400DDF22B /* Frameworks */ = {
			isa = PBXFrameworksBuildPhase;
			buildActionMask = 2147483647;
			files = (
			);
			runOnlyForDeploymentPostprocessing = 0;
		};
/* End PBXFrameworksBuildPhase section */

/* Begin PBXGroup section */
		F9E499102D9C93A200DDF22B = {
			isa = PBXGroup;
			children = (
				F9E4991B2D9C93A200DDF22B /* ThreadsClone */,
				F9E4992C2D9C93A400DDF22B /* ThreadsCloneTests */,
				F9E499362D9C93A400DDF22B /* ThreadsCloneUITests */,
				F9E4991A2D9C93A200DDF22B /* Products */,
			);
			sourceTree = "<group>";
		};
		F9E4991A2D9C93A200DDF22B /* Products */ = {
			isa = PBXGroup;
			children = (
				F9E499192D9C93A200DDF22B /* ThreadsClone.app */,
				F9E499292D9C93A400DDF22B /* ThreadsCloneTests.xctest */,
				F9E499332D9C93A400DDF22B /* ThreadsCloneUITests.xctest */,
			);
			name = Products;
			sourceTree = "<group>";
		};
/* End PBXGroup section */

/* Begin PBXNativeTarget section */
		F9E499182D9C93A200DDF22B /* ThreadsClone */ = {
			isa = PBXNativeTarget;
			buildConfigurationList = F9E4993D2D9C93A400DDF22B /* Build configuration list for PBXNativeTarget "ThreadsClone" */;
			buildPhases = (
				F9E499152D9C93A200DDF22B /* Sources */,
				F9E499162D9C93A200DDF22B /* Frameworks */,
				F9E499172D9C93A200DDF22B /* Resources */,
			);
			buildRules = (
			);
			dependencies = (
			);
			fileSystemSynchronizedGroups = (
				F9E4991B2D9C93A200DDF22B /* ThreadsClone */,
			);
			name = ThreadsClone;
			packageProductDependencies = (
			);
			productName = ThreadsClone;
			productReference = F9E499192D9C93A200DDF22B /* ThreadsClone.app */;
			productType = "com.apple.product-type.application";
		};
		F9E499282D9C93A400DDF22B /* ThreadsCloneTests */ = {
			isa = PBXNativeTarget;
			buildConfigurationList = F9E499402D9C93A400DDF22B /* Build configuration list for PBXNativeTarget "ThreadsCloneTests" */;
			buildPhases = (
				F9E499252D9C93A400DDF22B /* Sources */,
				F9E499262D9C93A400DDF22B /* Frameworks */,
				F9E499272D9C93A400DDF22B /* Resources */,
			);
			buildRules = (
			);
			dependencies = (
				F9E4992B2D9C93A400DDF22B /* PBXTargetDependency */,
			);
			fileSystemSynchronizedGroups = (
				F9E4992C2D9C93A400DDF22B /* ThreadsCloneTests */,
			);
			name = ThreadsCloneTests;
			packageProductDependencies = (
			);
			productName = ThreadsCloneTests;
			productReference = F9E499292D9C93A400DDF22B /* ThreadsCloneTests.xctest */;
			productType = "com.apple.product-type.bundle.unit-test";
		};
		F9E499322D9C93A400DDF22B /* ThreadsCloneUITests */ = {
			isa = PBXNativeTarget;
			buildConfigurationList = F9E499432D9C93A400DDF22B /* Build configuration list for PBXNativeTarget "ThreadsCloneUITests" */;
			buildPhases = (
				F9E4992F2D9C93A400DDF22B /* Sources */,
				F9E499302D9C93A400DDF22B /* Frameworks */,
				F9E499312D9C93A400DDF22B /* Resources */,
			);
			buildRules = (
			);
			dependencies = (
				F9E499352D9C93A400DDF22B /* PBXTargetDependency */,
			);
			fileSystemSynchronizedGroups = (
				F9E499362D9C93A400DDF22B /* ThreadsCloneUITests */,
			);
			name = ThreadsCloneUITests;
			packageProductDependencies = (
			);
			productName = ThreadsCloneUITests;
			productReference = F9E499332D9C93A400DDF22B /* ThreadsCloneUITests.xctest */;
			productType = "com.apple.product-type.bundle.ui-testing";
		};
/* End PBXNativeTarget section */

/* Begin PBXProject section */
		F9E499112D9C93A200DDF22B /* Project object */ = {
			isa = PBXProject;
			attributes = {
				BuildIndependentTargetsInParallel = 1;
				LastSwiftUpdateCheck = 1620;
				LastUpgradeCheck = 1620;
				TargetAttributes = {
					F9E499182D9C93A200DDF22B = {
						CreatedOnToolsVersion = 16.2;
					};
					F9E499282D9C93A400DDF22B = {
						CreatedOnToolsVersion = 16.2;
						TestTargetID = F9E499182D9C93A200DDF22B;
					};
					F9E499322D9C93A400DDF22B = {
						CreatedOnToolsVersion = 16.2;
						TestTargetID = F9E499182D9C93A200DDF22B;
					};
				};
			};
			buildConfigurationList = F9E499142D9C93A200DDF22B /* Build configuration list for PBXProject "ThreadsClone" */;
			developmentRegion = en;
			hasScannedForEncodings = 0;
			knownRegions = (
				en,
				Base,
			);
			mainGroup = F9E499102D9C93A200DDF22B;
			minimizedProjectReferenceProxies = 1;
			preferredProjectObjectVersion = 77;
			productRefGroup = F9E4991A2D9C93A200DDF22B /* Products */;
			projectDirPath = "";
			projectRoot = "";
			targets = (
				F9E499182D9C93A200DDF22B /* ThreadsClone */,
				F9E499282D9C93A400DDF22B /* ThreadsCloneTests */,
				F9E499322D9C93A400DDF22B /* ThreadsCloneUITests */,
			);
		};
/* End PBXProject section */

/* Begin PBXResourcesBuildPhase section */
		F9E499172D9C93A200DDF22B /* Resources */ = {
			isa = PBXResourcesBuildPhase;
			buildActionMask = 2147483647;
			files = (
			);
			runOnlyForDeploymentPostprocessing = 0;
		};
		F9E499272D9C93A400DDF22B /* Resources */ = {
			isa = PBXResourcesBuildPhase;
			buildActionMask = 2147483647;
			files = (
			);
			runOnlyForDeploymentPostprocessing = 0;
		};
		F9E499312D9C93A400DDF22B /* Resources */ = {
			isa = PBXResourcesBuildPhase;
			buildActionMask = 2147483647;
			files = (
			);
			runOnlyForDeploymentPostprocessing = 0;
		};
/* End PBXResourcesBuildPhase section */

/* Begin PBXSourcesBuildPhase section */
		F9E499152D9C93A200DDF22B /* Sources */ = {
			isa = PBXSourcesBuildPhase;
			buildActionMask = 2147483647;
			files = (
			);
			runOnlyForDeploymentPostprocessing = 0;
		};
		F9E499252D9C93A400DDF22B /* Sources */ = {
			isa = PBXSourcesBuildPhase;
			buildActionMask = 2147483647;
			files = (
			);
			runOnlyForDeploymentPostprocessing = 0;
		};
		F9E4992F2D9C93A400DDF22B /* Sources */ = {
			isa = PBXSourcesBuildPhase;
			buildActionMask = 2147483647;
			files = (
			);
			runOnlyForDeploymentPostprocessing = 0;
		};
/* End PBXSourcesBuildPhase section */

/* Begin PBXTargetDependency section */
		F9E4992B2D9C93A400DDF22B /* PBXTargetDependency */ = {
			isa = PBXTargetDependency;
			target = F9E499182D9C93A200DDF22B /* ThreadsClone */;
			targetProxy = F9E4992A2D9C93A400DDF22B /* PBXContainerItemProxy */;
		};
		F9E499352D9C93A400DDF22B /* PBXTargetDependency */ = {
			isa = PBXTargetDependency;
			target = F9E499182D9C93A200DDF22B /* ThreadsClone */;
			targetProxy = F9E499342D9C93A400DDF22B /* PBXContainerItemProxy */;
		};
/* End PBXTargetDependency section */

/* Begin XCBuildConfiguration section */
		F9E4993B2D9C93A400DDF22B /* Debug */ = {
			isa = XCBuildConfiguration;
			buildSettings = {
				ALWAYS_SEARCH_USER_PATHS = NO;
				ASSETCATALOG_COMPILER_GENERATE_SWIFT_ASSET_SYMBOL_EXTENSIONS = YES;
				CLANG_ANALYZER_NONNULL = YES;
				CLANG_ANALYZER_NUMBER_OBJECT_CONVERSION = YES_AGGRESSIVE;
				CLANG_CXX_LANGUAGE_STANDARD = "gnu++20";
				CLANG_ENABLE_MODULES = YES;
				CLANG_ENABLE_OBJC_ARC = YES;
				CLANG_ENABLE_OBJC_WEAK = YES;
				CLANG_WARN_BLOCK_CAPTURE_AUTORELEASING = YES;
				CLANG_WARN_BOOL_CONVERSION = YES;
				CLANG_WARN_COMMA = YES;
				CLANG_WARN_CONSTANT_CONVERSION = YES;
				CLANG_WARN_DEPRECATED_OBJC_IMPLEMENTATIONS = YES;
				CLANG_WARN_DIRECT_OBJC_ISA_USAGE = YES_ERROR;
				CLANG_WARN_DOCUMENTATION_COMMENTS = YES;
				CLANG_WARN_EMPTY_BODY = YES;
				CLANG_WARN_ENUM_CONVERSION = YES;
				CLANG_WARN_INFINITE_RECURSION = YES;
				CLANG_WARN_INT_CONVERSION = YES;
				CLANG_WARN_NON_LITERAL_NULL_CONVERSION = YES;
				CLANG_WARN_OBJC_IMPLICIT_RETAIN_SELF = YES;
				CLANG_WARN_OBJC_LITERAL_CONVERSION = YES;
				CLANG_WARN_OBJC_ROOT_CLASS = YES_ERROR;
				CLANG_WARN_QUOTED_INCLUDE_IN_FRAMEWORK_HEADER = YES;
				CLANG_WARN_RANGE_LOOP_ANALYSIS = YES;
				CLANG_WARN_STRICT_PROTOTYPES = YES;
				CLANG_WARN_SUSPICIOUS_MOVE = YES;
				CLANG_WARN_UNGUARDED_AVAILABILITY = YES_AGGRESSIVE;
				CLANG_WARN_UNREACHABLE_CODE = YES;
				CLANG_WARN__DUPLICATE_METHOD_MATCH = YES;
				COPY_PHASE_STRIP = NO;
				DEBUG_INFORMATION_FORMAT = dwarf;
				ENABLE_STRICT_OBJC_MSGSEND = YES;
				ENABLE_TESTABILITY = YES;
				ENABLE_USER_SCRIPT_SANDBOXING = YES;
				GCC_C_LANGUAGE_STANDARD = gnu17;
				GCC_DYNAMIC_NO_PIC = NO;
				GCC_NO_COMMON_BLOCKS = YES;
				GCC_OPTIMIZATION_LEVEL = 0;
				GCC_PREPROCESSOR_DEFINITIONS = (
					"DEBUG=1",
					"$(inherited)",
				);
				GCC_WARN_64_TO_32_BIT_CONVERSION = YES;
				GCC_WARN_ABOUT_RETURN_TYPE = YES_ERROR;
				GCC_WARN_UNDECLARED_SELECTOR = YES;
				GCC_WARN_UNINITIALIZED_AUTOS = YES_AGGRESSIVE;
				GCC_WARN_UNUSED_FUNCTION = YES;
				GCC_WARN_UNUSED_VARIABLE = YES;
				IPHONEOS_DEPLOYMENT_TARGET = 18.2;
				LOCALIZATION_PREFERS_STRING_CATALOGS = YES;
				MTL_ENABLE_DEBUG_INFO = INCLUDE_SOURCE;
				MTL_FAST_MATH = YES;
				ONLY_ACTIVE_ARCH = YES;
				SDKROOT = iphoneos;
				SWIFT_ACTIVE_COMPILATION_CONDITIONS = "DEBUG $(inherited)";
				SWIFT_OPTIMIZATION_LEVEL = "-Onone";
			};
			name = Debug;
		};
		F9E4993C2D9C93A400DDF22B /* Release */ = {
			isa = XCBuildConfiguration;
			buildSettings = {
				ALWAYS_SEARCH_USER_PATHS = NO;
				ASSETCATALOG_COMPILER_GENERATE_SWIFT_ASSET_SYMBOL_EXTENSIONS = YES;
				CLANG_ANALYZER_NONNULL = YES;
				CLANG_ANALYZER_NUMBER_OBJECT_CONVERSION = YES_AGGRESSIVE;
				CLANG_CXX_LANGUAGE_STANDARD = "gnu++20";
				CLANG_ENABLE_MODULES = YES;
				CLANG_ENABLE_OBJC_ARC = YES;
				CLANG_ENABLE_OBJC_WEAK = YES;
				CLANG_WARN_BLOCK_CAPTURE_AUTORELEASING = YES;
				CLANG_WARN_BOOL_CONVERSION = YES;
				CLANG_WARN_COMMA = YES;
				CLANG_WARN_CONSTANT_CONVERSION = YES;
				CLANG_WARN_DEPRECATED_OBJC_IMPLEMENTATIONS = YES;
				CLANG_WARN_DIRECT_OBJC_ISA_USAGE = YES_ERROR;
				CLANG_WARN_DOCUMENTATION_COMMENTS = YES;
				CLANG_WARN_EMPTY_BODY = YES;
				CLANG_WARN_ENUM_CONVERSION = YES;
				CLANG_WARN_INFINITE_RECURSION = YES;
				CLANG_WARN_INT_CONVERSION = YES;
				CLANG_WARN_NON_LITERAL_NULL_CONVERSION = YES;
				CLANG_WARN_OBJC_IMPLICIT_RETAIN_SELF = YES;
				CLANG_WARN_OBJC_LITERAL_CONVERSION = YES;
				CLANG_WARN_OBJC_ROOT_CLASS = YES_ERROR;
				CLANG_WARN_QUOTED_INCLUDE_IN_FRAMEWORK_HEADER = YES;
				CLANG_WARN_RANGE_LOOP_ANALYSIS = YES;
				CLANG_WARN_STRICT_PROTOTYPES = YES;
				CLANG_WARN_SUSPICIOUS_MOVE = YES;
				CLANG_WARN_UNGUARDED_AVAILABILITY = YES_AGGRESSIVE;
				CLANG_WARN_UNREACHABLE_CODE = YES;
				CLANG_WARN__DUPLICATE_METHOD_MATCH = YES;
				COPY_PHASE_STRIP = NO;
				DEBUG_INFORMATION_FORMAT = "dwarf-with-dsym";
				ENABLE_NS_ASSERTIONS = NO;
				ENABLE_STRICT_OBJC_MSGSEND = YES;
				ENABLE_USER_SCRIPT_SANDBOXING = YES;
				GCC_C_LANGUAGE_STANDARD = gnu17;
				GCC_NO_COMMON_BLOCKS = YES;
				GCC_WARN_64_TO_32_BIT_CONVERSION = YES;
				GCC_WARN_ABOUT_RETURN_TYPE = YES_ERROR;
				GCC_WARN_UNDECLARED_SELECTOR = YES;
				GCC_WARN_UNINITIALIZED_AUTOS = YES_AGGRESSIVE;
				GCC_WARN_UNUSED_FUNCTION = YES;
				GCC_WARN_UNUSED_VARIABLE = YES;
				IPHONEOS_DEPLOYMENT_TARGET = 18.2;
				LOCALIZATION_PREFERS_STRING_CATALOGS = YES;
				MTL_ENABLE_DEBUG_INFO = NO;
				MTL_FAST_MATH = YES;
				SDKROOT = iphoneos;
				SWIFT_COMPILATION_MODE = wholemodule;
				VALIDATE_PRODUCT = YES;
			};
			name = Release;
		};
		F9E4993E2D9C93A400DDF22B /* Debug */ = {
			isa = XCBuildConfiguration;
			buildSettings = {
				ASSETCATALOG_COMPILER_APPICON_NAME = AppIcon;
				ASSETCATALOG_COMPILER_GLOBAL_ACCENT_COLOR_NAME = AccentColor;
				CODE_SIGN_STYLE = Automatic;
				CURRENT_PROJECT_VERSION = 1;
				DEVELOPMENT_ASSET_PATHS = "\"ThreadsClone/Preview Content\"";
				DEVELOPMENT_TEAM = 732SYZQDW7;
				ENABLE_PREVIEWS = YES;
				GENERATE_INFOPLIST_FILE = YES;
				INFOPLIST_KEY_UIApplicationSceneManifest_Generation = YES;
				INFOPLIST_KEY_UIApplicationSupportsIndirectInputEvents = YES;
				INFOPLIST_KEY_UILaunchScreen_Generation = YES;
				INFOPLIST_KEY_UISupportedInterfaceOrientations_iPad = "UIInterfaceOrientationPortrait UIInterfaceOrientationPortraitUpsideDown UIInterfaceOrientationLandscapeLeft UIInterfaceOrientationLandscapeRight";
				INFOPLIST_KEY_UISupportedInterfaceOrientations_iPhone = "UIInterfaceOrientationPortrait UIInterfaceOrientationLandscapeLeft UIInterfaceOrientationLandscapeRight";
				LD_RUNPATH_SEARCH_PATHS = (
					"$(inherited)",
					"@executable_path/Frameworks",
				);
				MARKETING_VERSION = 1.0;
				PRODUCT_BUNDLE_IDENTIFIER = Solomon.ThreadsClone;
				PRODUCT_NAME = "$(TARGET_NAME)";
				SWIFT_EMIT_LOC_STRINGS = YES;
				SWIFT_VERSION = 5.0;
				TARGETED_DEVICE_FAMILY = "1,2";
			};
			name = Debug;
		};
		F9E4993F2D9C93A400DDF22B /* Release */ = {
			isa = XCBuildConfiguration;
			buildSettings = {
				ASSETCATALOG_COMPILER_APPICON_NAME = AppIcon;
				ASSETCATALOG_COMPILER_GLOBAL_ACCENT_COLOR_NAME = AccentColor;
				CODE_SIGN_STYLE = Automatic;
				CURRENT_PROJECT_VERSION = 1;
				DEVELOPMENT_ASSET_PATHS = "\"ThreadsClone/Preview Content\"";
				DEVELOPMENT_TEAM = 732SYZQDW7;
				ENABLE_PREVIEWS = YES;
				GENERATE_INFOPLIST_FILE = YES;
				INFOPLIST_KEY_UIApplicationSceneManifest_Generation = YES;
				INFOPLIST_KEY_UIApplicationSupportsIndirectInputEvents = YES;
				INFOPLIST_KEY_UILaunchScreen_Generation = YES;
				INFOPLIST_KEY_UISupportedInterfaceOrientations_iPad = "UIInterfaceOrientationPortrait UIInterfaceOrientationPortraitUpsideDown UIInterfaceOrientationLandscapeLeft UIInterfaceOrientationLandscapeRight";
				INFOPLIST_KEY_UISupportedInterfaceOrientations_iPhone = "UIInterfaceOrientationPortrait UIInterfaceOrientationLandscapeLeft UIInterfaceOrientationLandscapeRight";
				LD_RUNPATH_SEARCH_PATHS = (
					"$(inherited)",
					"@executable_path/Frameworks",
				);
				MARKETING_VERSION = 1.0;
				PRODUCT_BUNDLE_IDENTIFIER = Solomon.ThreadsClone;
				PRODUCT_NAME = "$(TARGET_NAME)";
				SWIFT_EMIT_LOC_STRINGS = YES;
				SWIFT_VERSION = 5.0;
				TARGETED_DEVICE_FAMILY = "1,2";
			};
			name = Release;
		};
		F9E499412D9C93A400DDF22B /* Debug */ = {
			isa = XCBuildConfiguration;
			buildSettings = {
				BUNDLE_LOADER = "$(TEST_HOST)";
				CODE_SIGN_STYLE = Automatic;
				CURRENT_PROJECT_VERSION = 1;
				DEVELOPMENT_TEAM = 732SYZQDW7;
				GENERATE_INFOPLIST_FILE = YES;
				IPHONEOS_DEPLOYMENT_TARGET = 18.2;
				MARKETING_VERSION = 1.0;
				PRODUCT_BUNDLE_IDENTIFIER = Solomon.ThreadsCloneTests;
				PRODUCT_NAME = "$(TARGET_NAME)";
				SWIFT_EMIT_LOC_STRINGS = NO;
				SWIFT_VERSION = 5.0;
				TARGETED_DEVICE_FAMILY = "1,2";
				TEST_HOST = "$(BUILT_PRODUCTS_DIR)/ThreadsClone.app/$(BUNDLE_EXECUTABLE_FOLDER_PATH)/ThreadsClone";
			};
			name = Debug;
		};
		F9E499422D9C93A400DDF22B /* Release */ = {
			isa = XCBuildConfiguration;
			buildSettings = {
				BUNDLE_LOADER = "$(TEST_HOST)";
				CODE_SIGN_STYLE = Automatic;
				CURRENT_PROJECT_VERSION = 1;
				DEVELOPMENT_TEAM = 732SYZQDW7;
				GENERATE_INFOPLIST_FILE = YES;
				IPHONEOS_DEPLOYMENT_TARGET = 18.2;
				MARKETING_VERSION = 1.0;
				PRODUCT_BUNDLE_IDENTIFIER = Solomon.ThreadsCloneTests;
				PRODUCT_NAME = "$(TARGET_NAME)";
				SWIFT_EMIT_LOC_STRINGS = NO;
				SWIFT_VERSION = 5.0;
				TARGETED_DEVICE_FAMILY = "1,2";
				TEST_HOST = "$(BUILT_PRODUCTS_DIR)/ThreadsClone.app/$(BUNDLE_EXECUTABLE_FOLDER_PATH)/ThreadsClone";
			};
			name = Release;
		};
		F9E499442D9C93A400DDF22B /* Debug */ = {
			isa = XCBuildConfiguration;
			buildSettings = {
				CODE_SIGN_STYLE = Automatic;
				CURRENT_PROJECT_VERSION = 1;
				DEVELOPMENT_TEAM = 732SYZQDW7;
				GENERATE_INFOPLIST_FILE = YES;
				MARKETING_VERSION = 1.0;
				PRODUCT_BUNDLE_IDENTIFIER = Solomon.ThreadsCloneUITests;
				PRODUCT_NAME = "$(TARGET_NAME)";
				SWIFT_EMIT_LOC_STRINGS = NO;
				SWIFT_VERSION = 5.0;
				TARGETED_DEVICE_FAMILY = "1,2";
				TEST_TARGET_NAME = ThreadsClone;
			};
			name = Debug;
		};
		F9E499452D9C93A400DDF22B /* Release */ = {
			isa = XCBuildConfiguration;
			buildSettings = {
				CODE_SIGN_STYLE = Automatic;
				CURRENT_PROJECT_VERSION = 1;
				DEVELOPMENT_TEAM = 732SYZQDW7;
				GENERATE_INFOPLIST_FILE = YES;
				MARKETING_VERSION = 1.0;
				PRODUCT_BUNDLE_IDENTIFIER = Solomon.ThreadsCloneUITests;
				PRODUCT_NAME = "$(TARGET_NAME)";
				SWIFT_EMIT_LOC_STRINGS = NO;
				SWIFT_VERSION = 5.0;
				TARGETED_DEVICE_FAMILY = "1,2";
				TEST_TARGET_NAME = ThreadsClone;
			};
			name = Release;
		};
/* End XCBuildConfiguration section */

/* Begin XCConfigurationList section */
		F9E499142D9C93A200DDF22B /* Build configuration list for PBXProject "ThreadsClone" */ = {
			isa = XCConfigurationList;
			buildConfigurations = (
				F9E4993B2D9C93A400DDF22B /* Debug */,
				F9E4993C2D9C93A400DDF22B /* Release */,
			);
			defaultConfigurationIsVisible = 0;
			defaultConfigurationName = Release;
		};
		F9E4993D2D9C93A400DDF22B /* Build configuration list for PBXNativeTarget "ThreadsClone" */ = {
			isa = XCConfigurationList;
			buildConfigurations = (
				F9E4993E2D9C93A400DDF22B /* Debug */,
				F9E4993F2D9C93A400DDF22B /* Release */,
			);
			defaultConfigurationIsVisible = 0;
			defaultConfigurationName = Release;
		};
		F9E499402D9C93A400DDF22B /* Build configuration list for PBXNativeTarget "ThreadsCloneTests" */ = {
			isa = XCConfigurationList;
			buildConfigurations = (
				F9E499412D9C93A400DDF22B /* Debug */,
				F9E499422D9C93A400DDF22B /* Release */,
			);
			defaultConfigurationIsVisible = 0;
			defaultConfigurationName = Release;
		};
		F9E499432D9C93A400DDF22B /* Build configuration list for PBXNativeTarget "ThreadsCloneUITests" */ = {
			isa = XCConfigurationList;
			buildConfigurations = (
				F9E499442D9C93A400DDF22B /* Debug */,
				F9E499452D9C93A400DDF22B /* Release */,
			);
			defaultConfigurationIsVisible = 0;
			defaultConfigurationName = Release;
		};
/* End XCConfigurationList section */
	};
	rootObject = F9E499112D9C93A200DDF22B /* Project object */;
}
